
Microsoft Visual Studio Solution File, Format Version 12.00
# Visual Studio 15
Project("{FAE04EC0-301F-11D3-BF4B-00C04F79EFBC}") = "MovementPatrick", "MovementPatrick.csproj", "{7F7A2748-D680-5083-4122-211856708A6F}"
EndProject
Global
	GlobalSection(SolutionConfigurationPlatforms) = preSolution
		Debug|Any CPU = Debug|Any CPU
		Release|Any CPU = Release|Any CPU
	EndGlobalSection
	GlobalSection(ProjectConfigurationPlatforms) = postSolution
		{7F7A2748-D680-5083-4122-211856708A6F}.Debug|Any CPU.ActiveCfg = Debug|Any CPU
		{7F7A2748-D680-5083-4122-211856708A6F}.Debug|Any CPU.Build.0 = Debug|Any CPU
		{7F7A2748-D680-5083-4122-211856708A6F}.Release|Any CPU.ActiveCfg = Release|Any CPU
		{7F7A2748-D680-5083-4122-211856708A6F}.Release|Any CPU.Build.0 = Release|Any CPU
	EndGlobalSection
	GlobalSection(SolutionProperties) = preSolution
		HideSolutionNode = FALSE
	EndGlobalSection
EndGlobal
